{
  "name": "gccs",
  "version": "1.0.0",
  "lockfileVersion": 1,
  "requires": true,
  "dependencies": {
    "verup": {
      "version": "1.4.1",
      "resolved": "https://registry.npmjs.org/verup/-/verup-1.4.1.tgz",
      "integrity": "sha1-7vYZjKZ27AlbkUA/GmVe/OuZa5w=",
      "dev": true
    }
  }
}
