{
  "name": "gccs",
  "version": "1.3.0",
  "lockfileVersion": 1,
  "requires": true,
  "dependencies": {
    "verup": {
      "version": "1.6.1",
      "resolved": "https://registry.npmjs.org/verup/-/verup-1.6.1.tgz",
      "integrity": "sha512-CMmaJUAC6XdpEXtaBWe1z7tHO+vMMP7aPd1Vl4sAKPNQvt89zKtv1ucS6lK5tJTpBTB2jdWWzSBZGpTfI3FXkQ==",
      "dev": true
    }
  }
}
